// !$*UTF8*$!
{
	archiveVersion = 1;
	classes = {
	};
	objectVersion = 50;
	objects = {

/* Begin PBXBuildFile section */
		84A3F27620F83E970083548A /* TableViewController.swift in Sources */ = {isa = PBXBuildFile; fileRef = 84A3F27520F83E970083548A /* TableViewController.swift */; };
		84B3143A20E53FC4009D5078 /* AppDelegate.swift in Sources */ = {isa = PBXBuildFile; fileRef = 84B3143920E53FC4009D5078 /* AppDelegate.swift */; };
		84B3143F20E53FC4009D5078 /* Main.storyboard in Resources */ = {isa = PBXBuildFile; fileRef = 84B3143D20E53FC4009D5078 /* Main.storyboard */; };
		84B3144120E53FC6009D5078 /* Assets.xcassets in Resources */ = {isa = PBXBuildFile; fileRef = 84B3144020E53FC6009D5078 /* Assets.xcassets */; };
		84B3144420E53FC6009D5078 /* LaunchScreen.storyboard in Resources */ = {isa = PBXBuildFile; fileRef = 84B3144220E53FC6009D5078 /* LaunchScreen.storyboard */; };
		84B3AD3D20F7394A002192FF /* DetailViewController.swift in Sources */ = {isa = PBXBuildFile; fileRef = 84B3AD3C20F7394A002192FF /* DetailViewController.swift */; };
		84B3AD3F20F740CE002192FF /* MasterViewController.swift in Sources */ = {isa = PBXBuildFile; fileRef = 84B3AD3E20F740CE002192FF /* MasterViewController.swift */; };
		84D3C5B520F6F1A4003EBE6C /* NumbersDataSource.swift in Sources */ = {isa = PBXBuildFile; fileRef = 84D3C5B420F6F1A4003EBE6C /* NumbersDataSource.swift */; };
		84D3C5B720F6F427003EBE6C /* NumbersTableViewDelegate.swift in Sources */ = {isa = PBXBuildFile; fileRef = 84D3C5B620F6F427003EBE6C /* NumbersTableViewDelegate.swift */; };
		84D3C5B920F6FBC2003EBE6C /* StringDataSource.swift in Sources */ = {isa = PBXBuildFile; fileRef = 84D3C5B820F6FBC2003EBE6C /* StringDataSource.swift */; };
/* End PBXBuildFile section */

/* Begin PBXFileReference section */
		84A3F27520F83E970083548A /* TableViewController.swift */ = {isa = PBXFileReference; fileEncoding = 4; lastKnownFileType = sourcecode.swift; path = TableViewController.swift; sourceTree = "<group>"; };
		84B3143620E53FC4009D5078 /* TableView2.app */ = {isa = PBXFileReference; explicitFileType = wrapper.application; includeInIndex = 0; path = TableView2.app; sourceTree = BUILT_PRODUCTS_DIR; };
		84B3143920E53FC4009D5078 /* AppDelegate.swift */ = {isa = PBXFileReference; lastKnownFileType = sourcecode.swift; path = AppDelegate.swift; sourceTree = "<group>"; };
		84B3143E20E53FC4009D5078 /* Base */ = {isa = PBXFileReference; lastKnownFileType = file.storyboard; name = Base; path = Base.lproj/Main.storyboard; sourceTree = "<group>"; };
		84B3144020E53FC6009D5078 /* Assets.xcassets */ = {isa = PBXFileReference; lastKnownFileType = folder.assetcatalog; path = Assets.xcassets; sourceTree = "<group>"; };
		84B3144320E53FC6009D5078 /* Base */ = {isa = PBXFileReference; lastKnownFileType = file.storyboard; name = Base; path = Base.lproj/LaunchScreen.storyboard; sourceTree = "<group>"; };
		84B3144520E53FC6009D5078 /* Info.plist */ = {isa = PBXFileReference; lastKnownFileType = text.plist.xml; path = Info.plist; sourceTree = "<group>"; };
		84B3AD3C20F7394A002192FF /* DetailViewController.swift */ = {isa = PBXFileReference; lastKnownFileType = sourcecode.swift; path = DetailViewController.swift; sourceTree = "<group>"; };
		84B3AD3E20F740CE002192FF /* MasterViewController.swift */ = {isa = PBXFileReference; fileEncoding = 4; lastKnownFileType = sourcecode.swift; path = MasterViewController.swift; sourceTree = "<group>"; };
		84D3C5B420F6F1A4003EBE6C /* NumbersDataSource.swift */ = {isa = PBXFileReference; lastKnownFileType = sourcecode.swift; path = NumbersDataSource.swift; sourceTree = "<group>"; };
		84D3C5B620F6F427003EBE6C /* NumbersTableViewDelegate.swift */ = {isa = PBXFileReference; lastKnownFileType = sourcecode.swift; path = NumbersTableViewDelegate.swift; sourceTree = "<group>"; };
		84D3C5B820F6FBC2003EBE6C /* StringDataSource.swift */ = {isa = PBXFileReference; lastKnownFileType = sourcecode.swift; path = StringDataSource.swift; sourceTree = "<group>"; };
/* End PBXFileReference section */

/* Begin PBXFrameworksBuildPhase section */
		84B3143320E53FC4009D5078 /* Frameworks */ = {
			isa = PBXFrameworksBuildPhase;
			buildActionMask = 2147483647;
			files = (
			);
			runOnlyForDeploymentPostprocessing = 0;
		};
/* End PBXFrameworksBuildPhase section */

/* Begin PBXGroup section */
		84B3142D20E53FC4009D5078 = {
			isa = PBXGroup;
			children = (
				84B3143820E53FC4009D5078 /* TableView2 */,
				84B3143720E53FC4009D5078 /* Products */,
			);
			sourceTree = "<group>";
		};
		84B3143720E53FC4009D5078 /* Products */ = {
			isa = PBXGroup;
			children = (
				84B3143620E53FC4009D5078 /* TableView2.app */,
			);
			name = Products;
			sourceTree = "<group>";
		};
		84B3143820E53FC4009D5078 /* TableView2 */ = {
			isa = PBXGroup;
			children = (
				84B3143920E53FC4009D5078 /* AppDelegate.swift */,
				84A3F27520F83E970083548A /* TableViewController.swift */,
				84D3C5B420F6F1A4003EBE6C /* NumbersDataSource.swift */,
				84D3C5B820F6FBC2003EBE6C /* StringDataSource.swift */,
				84D3C5B620F6F427003EBE6C /* NumbersTableViewDelegate.swift */,
				84B3AD3E20F740CE002192FF /* MasterViewController.swift */,
				84B3AD3C20F7394A002192FF /* DetailViewController.swift */,
				84B3143D20E53FC4009D5078 /* Main.storyboard */,
				84B3144020E53FC6009D5078 /* Assets.xcassets */,
				84B3144220E53FC6009D5078 /* LaunchScreen.storyboard */,
				84B3144520E53FC6009D5078 /* Info.plist */,
			);
			path = TableView2;
			sourceTree = "<group>";
		};
/* End PBXGroup section */

/* Begin PBXNativeTarget section */
		84B3143520E53FC4009D5078 /* TableView2 */ = {
			isa = PBXNativeTarget;
			buildConfigurationList = 84B3144820E53FC6009D5078 /* Build configuration list for PBXNativeTarget "TableView2" */;
			buildPhases = (
				84B3143220E53FC4009D5078 /* Sources */,
				84B3143320E53FC4009D5078 /* Frameworks */,
				84B3143420E53FC4009D5078 /* Resources */,
			);
			buildRules = (
			);
			dependencies = (
			);
			name = TableView2;
			productName = TableView2;
			productReference = 84B3143620E53FC4009D5078 /* TableView2.app */;
			productType = "com.apple.product-type.application";
		};
/* End PBXNativeTarget section */

/* Begin PBXProject section */
		84B3142E20E53FC4009D5078 /* Project object */ = {
			isa = PBXProject;
			attributes = {
				LastSwiftUpdateCheck = 0940;
				LastUpgradeCheck = 0940;
				ORGANIZATIONNAME = admin;
				TargetAttributes = {
					84B3143520E53FC4009D5078 = {
						CreatedOnToolsVersion = 9.4.1;
					};
				};
			};
			buildConfigurationList = 84B3143120E53FC4009D5078 /* Build configuration list for PBXProject "TableView2" */;
			compatibilityVersion = "Xcode 9.3";
			developmentRegion = en;
			hasScannedForEncodings = 0;
			knownRegions = (
				en,
				Base,
			);
			mainGroup = 84B3142D20E53FC4009D5078;
			productRefGroup = 84B3143720E53FC4009D5078 /* Products */;
			projectDirPath = "";
			projectRoot = "";
			targets = (
				84B3143520E53FC4009D5078 /* TableView2 */,
			);
		};
/* End PBXProject section */

/* Begin PBXResourcesBuildPhase section */
		84B3143420E53FC4009D5078 /* Resources */ = {
			isa = PBXResourcesBuildPhase;
			buildActionMask = 2147483647;
			files = (
				84B3144420E53FC6009D5078 /* LaunchScreen.storyboard in Resources */,
				84B3144120E53FC6009D5078 /* Assets.xcassets in Resources */,
				84B3143F20E53FC4009D5078 /* Main.storyboard in Resources */,
			);
			runOnlyForDeploymentPostprocessing = 0;
		};
/* End PBXResourcesBuildPhase section */

/* Begin PBXSourcesBuildPhase section */
		84B3143220E53FC4009D5078 /* Sources */ = {
			isa = PBXSourcesBuildPhase;
			buildActionMask = 2147483647;
			files = (
				84B3143A20E53FC4009D5078 /* AppDelegate.swift in Sources */,
				84A3F27620F83E970083548A /* TableViewController.swift in Sources */,
				84D3C5B920F6FBC2003EBE6C /* StringDataSource.swift in Sources */,
				84D3C5B520F6F1A4003EBE6C /* NumbersDataSource.swift in Sources */,
				84B3AD3F20F740CE002192FF /* MasterViewController.swift in Sources */,
				84D3C5B720F6F427003EBE6C /* NumbersTableViewDelegate.swift in Sources */,
				84B3AD3D20F7394A002192FF /* DetailViewController.swift in Sources */,
			);
			runOnlyForDeploymentPostprocessing = 0;
		};
/* End PBXSourcesBuildPhase section */

/* Begin PBXVariantGroup section */
		84B3143D20E53FC4009D5078 /* Main.storyboard */ = {
			isa = PBXVariantGroup;
			children = (
				84B3143E20E53FC4009D5078 /* Base */,
			);
			name = Main.storyboard;
			sourceTree = "<group>";
		};
		84B3144220E53FC6009D5078 /* LaunchScreen.storyboard */ = {
			isa = PBXVariantGroup;
			children = (
				84B3144320E53FC6009D5078 /* Base */,
			);
			name = LaunchScreen.storyboard;
			sourceTree = "<group>";
		};
/* End PBXVariantGroup section */

/* Begin XCBuildConfiguration section */
		84B3144620E53FC6009D5078 /* Debug */ = {
			isa = XCBuildConfiguration;
			buildSettings = {
				ALWAYS_SEARCH_USER_PATHS = NO;
				CLANG_ANALYZER_NONNULL = YES;
				CLANG_ANALYZER_NUMBER_OBJECT_CONVERSION = YES_AGGRESSIVE;
				CLANG_CXX_LANGUAGE_STANDARD = "gnu++14";
				CLANG_CXX_LIBRARY = "libc++";
				CLANG_ENABLE_MODULES = YES;
				CLANG_ENABLE_OBJC_ARC = YES;
				CLANG_ENABLE_OBJC_WEAK = YES;
				CLANG_WARN_BLOCK_CAPTURE_AUTORELEASING = YES;
				CLANG_WARN_BOOL_CONVERSION = YES;
				CLANG_WARN_COMMA = YES;
				CLANG_WARN_CONSTANT_CONVERSION = YES;
				CLANG_WARN_DEPRECATED_OBJC_IMPLEMENTATIONS = YES;
				CLANG_WARN_DIRECT_OBJC_ISA_USAGE = YES_ERROR;
				CLANG_WARN_DOCUMENTATION_COMMENTS = YES;
				CLANG_WARN_EMPTY_BODY = YES;
				CLANG_WARN_ENUM_CONVERSION = YES;
				CLANG_WARN_INFINITE_RECURSION = YES;
				CLANG_WARN_INT_CONVERSION = YES;
				CLANG_WARN_NON_LITERAL_NULL_CONVERSION = YES;
				CLANG_WARN_OBJC_IMPLICIT_RETAIN_SELF = YES;
				CLANG_WARN_OBJC_LITERAL_CONVERSION = YES;
				CLANG_WARN_OBJC_ROOT_CLASS = YES_ERROR;
				CLANG_WARN_RANGE_LOOP_ANALYSIS = YES;
				CLANG_WARN_STRICT_PROTOTYPES = YES;
				CLANG_WARN_SUSPICIOUS_MOVE = YES;
				CLANG_WARN_UNGUARDED_AVAILABILITY = YES_AGGRESSIVE;
				CLANG_WARN_UNREACHABLE_CODE = YES;
				CLANG_WARN__DUPLICATE_METHOD_MATCH = YES;
				CODE_SIGN_IDENTITY = "iPhone Developer";
				COPY_PHASE_STRIP = NO;
				DEBUG_INFORMATION_FORMAT = dwarf;
				ENABLE_STRICT_OBJC_MSGSEND = YES;
				ENABLE_TESTABILITY = YES;
				GCC_C_LANGUAGE_STANDARD = gnu11;
				GCC_DYNAMIC_NO_PIC = NO;
				GCC_NO_COMMON_BLOCKS = YES;
				GCC_OPTIMIZATION_LEVEL = 0;
				GCC_PREPROCESSOR_DEFINITIONS = (
					"DEBUG=1",
					"$(inherited)",
				);
				GCC_WARN_64_TO_32_BIT_CONVERSION = YES;
				GCC_WARN_ABOUT_RETURN_TYPE = YES_ERROR;
				GCC_WARN_UNDECLARED_SELECTOR = YES;
				GCC_WARN_UNINITIALIZED_AUTOS = YES_AGGRESSIVE;
				GCC_WARN_UNUSED_FUNCTION = YES;
				GCC_WARN_UNUSED_VARIABLE = YES;
				IPHONEOS_DEPLOYMENT_TARGET = 11.4;
				MTL_ENABLE_DEBUG_INFO = YES;
				ONLY_ACTIVE_ARCH = YES;
				SDKROOT = iphoneos;
				SWIFT_ACTIVE_COMPILATION_CONDITIONS = DEBUG;
				SWIFT_OPTIMIZATION_LEVEL = "-Onone";
			};
			name = Debug;
		};
		84B3144720E53FC6009D5078 /* Release */ = {
			isa = XCBuildConfiguration;
			buildSettings = {
				ALWAYS_SEARCH_USER_PATHS = NO;
				CLANG_ANALYZER_NONNULL = YES;
				CLANG_ANALYZER_NUMBER_OBJECT_CONVERSION = YES_AGGRESSIVE;
				CLANG_CXX_LANGUAGE_STANDARD = "gnu++14";
				CLANG_CXX_LIBRARY = "libc++";
				CLANG_ENABLE_MODULES = YES;
				CLANG_ENABLE_OBJC_ARC = YES;
				CLANG_ENABLE_OBJC_WEAK = YES;
				CLANG_WARN_BLOCK_CAPTURE_AUTORELEASING = YES;
				CLANG_WARN_BOOL_CONVERSION = YES;
				CLANG_WARN_COMMA = YES;
				CLANG_WARN_CONSTANT_CONVERSION = YES;
				CLANG_WARN_DEPRECATED_OBJC_IMPLEMENTATIONS = YES;
				CLANG_WARN_DIRECT_OBJC_ISA_USAGE = YES_ERROR;
				CLANG_WARN_DOCUMENTATION_COMMENTS = YES;
				CLANG_WARN_EMPTY_BODY = YES;
				CLANG_WARN_ENUM_CONVERSION = YES;
				CLANG_WARN_INFINITE_RECURSION = YES;
				CLANG_WARN_INT_CONVERSION = YES;
				CLANG_WARN_NON_LITERAL_NULL_CONVERSION = YES;
				CLANG_WARN_OBJC_IMPLICIT_RETAIN_SELF = YES;
				CLANG_WARN_OBJC_LITERAL_CONVERSION = YES;
				CLANG_WARN_OBJC_ROOT_CLASS = YES_ERROR;
				CLANG_WARN_RANGE_LOOP_ANALYSIS = YES;
				CLANG_WARN_STRICT_PROTOTYPES = YES;
				CLANG_WARN_SUSPICIOUS_MOVE = YES;
				CLANG_WARN_UNGUARDED_AVAILABILITY = YES_AGGRESSIVE;
				CLANG_WARN_UNREACHABLE_CODE = YES;
				CLANG_WARN__DUPLICATE_METHOD_MATCH = YES;
				CODE_SIGN_IDENTITY = "iPhone Developer";
				COPY_PHASE_STRIP = NO;
				DEBUG_INFORMATION_FORMAT = "dwarf-with-dsym";
				ENABLE_NS_ASSERTIONS = NO;
				ENABLE_STRICT_OBJC_MSGSEND = YES;
				GCC_C_LANGUAGE_STANDARD = gnu11;
				GCC_NO_COMMON_BLOCKS = YES;
				GCC_WARN_64_TO_32_BIT_CONVERSION = YES;
				GCC_WARN_ABOUT_RETURN_TYPE = YES_ERROR;
				GCC_WARN_UNDECLARED_SELECTOR = YES;
				GCC_WARN_UNINITIALIZED_AUTOS = YES_AGGRESSIVE;
				GCC_WARN_UNUSED_FUNCTION = YES;
				GCC_WARN_UNUSED_VARIABLE = YES;
				IPHONEOS_DEPLOYMENT_TARGET = 11.4;
				MTL_ENABLE_DEBUG_INFO = NO;
				SDKROOT = iphoneos;
				SWIFT_COMPILATION_MODE = wholemodule;
				SWIFT_OPTIMIZATION_LEVEL = "-O";
				VALIDATE_PRODUCT = YES;
			};
			name = Release;
		};
		84B3144920E53FC6009D5078 /* Debug */ = {
			isa = XCBuildConfiguration;
			buildSettings = {
				ASSETCATALOG_COMPILER_APPICON_NAME = AppIcon;
				CODE_SIGN_STYLE = Automatic;
				DEVELOPMENT_TEAM = R5LAY7QG8C;
				INFOPLIST_FILE = TableView2/Info.plist;
				LD_RUNPATH_SEARCH_PATHS = (
					"$(inherited)",
					"@executable_path/Frameworks",
				);
				PRODUCT_BUNDLE_IDENTIFIER = com.hongchinh.TableView2;
				PRODUCT_NAME = "$(TARGET_NAME)";
				SWIFT_VERSION = 4.0;
				TARGETED_DEVICE_FAMILY = "1,2";
			};
			name = Debug;
		};
		84B3144A20E53FC6009D5078 /* Release */ = {
			isa = XCBuildConfiguration;
			buildSettings = {
				ASSETCATALOG_COMPILER_APPICON_NAME = AppIcon;
				CODE_SIGN_STYLE = Automatic;
				DEVELOPMENT_TEAM = R5LAY7QG8C;
				INFOPLIST_FILE = TableView2/Info.plist;
				LD_RUNPATH_SEARCH_PATHS = (
					"$(inherited)",
					"@executable_path/Frameworks",
				);
				PRODUCT_BUNDLE_IDENTIFIER = com.hongchinh.TableView2;
				PRODUCT_NAME = "$(TARGET_NAME)";
				SWIFT_VERSION = 4.0;
				TARGETED_DEVICE_FAMILY = "1,2";
			};
			name = Release;
		};
/* End XCBuildConfiguration section */

/* Begin XCConfigurationList section */
		84B3143120E53FC4009D5078 /* Build configuration list for PBXProject "TableView2" */ = {
			isa = XCConfigurationList;
			buildConfigurations = (
				84B3144620E53FC6009D5078 /* Debug */,
				84B3144720E53FC6009D5078 /* Release */,
			);
			defaultConfigurationIsVisible = 0;
			defaultConfigurationName = Release;
		};
		84B3144820E53FC6009D5078 /* Build configuration list for PBXNativeTarget "TableView2" */ = {
			isa = XCConfigurationList;
			buildConfigurations = (
				84B3144920E53FC6009D5078 /* Debug */,
				84B3144A20E53FC6009D5078 /* Release */,
			);
			defaultConfigurationIsVisible = 0;
			defaultConfigurationName = Release;
		};
/* End XCConfigurationList section */
	};
	rootObject = 84B3142E20E53FC4009D5078 /* Project object */;
}
